
Microsoft Visual Studio Solution File, Format Version 12.00
# Visual Studio 15
VisualStudioVersion = 15.0.27130.2027
MinimumVisualStudioVersion = 10.0.40219.1
Project("{FAE04EC0-301F-11D3-BF4B-00C04F79EFBC}") = "SAS", "SAS\SAS.csproj", "{C546C08C-5183-4CB3-8D5C-806C1905E21C}"
EndProject
Global
	GlobalSection(SolutionConfigurationPlatforms) = preSolution
		Debug|Any CPU = Debug|Any CPU
		Release|Any CPU = Release|Any CPU
	EndGlobalSection
	GlobalSection(ProjectConfigurationPlatforms) = postSolution
		{C546C08C-5183-4CB3-8D5C-806C1905E21C}.Debug|Any CPU.ActiveCfg = Debug|Any CPU
		{C546C08C-5183-4CB3-8D5C-806C1905E21C}.Debug|Any CPU.Build.0 = Debug|Any CPU
		{C546C08C-5183-4CB3-8D5C-806C1905E21C}.Release|Any CPU.ActiveCfg = Release|Any CPU
		{C546C08C-5183-4CB3-8D5C-806C1905E21C}.Release|Any CPU.Build.0 = Release|Any CPU
	EndGlobalSection
	GlobalSection(SolutionProperties) = preSolution
		HideSolutionNode = FALSE
	EndGlobalSection
	GlobalSection(ExtensibilityGlobals) = postSolution
		SolutionGuid = {F324F1F0-0B8D-43AB-9A20-A9ABCFFCE6B3}
	EndGlobalSection
EndGlobal
